
Microsoft Visual Studio Solution File, Format Version 12.00
# Visual Studio Version 17
VisualStudioVersion = 17.8.34511.84
MinimumVisualStudioVersion = 10.0.40219.1
Project("{9A19103F-16F7-4668-BE54-9A1E7A4F7556}") = "PasaPhoneWeb", "PasaPhoneWeb\PasaPhoneWeb.csproj", "{46D9BB9D-9A5F-4B6A-B1D0-26A06176D375}"
EndProject
Project("{9A19103F-16F7-4668-BE54-9A1E7A4F7556}") = "PasaPhoneWebRazor_Temp", "PasaPhoneWebRazor_Temp\PasaPhoneWebRazor_Temp.csproj", "{4C39FED2-C136-4525-8A92-EF248728A70B}"
EndProject
Global
	GlobalSection(SolutionConfigurationPlatforms) = preSolution
		Debug|Any CPU = Debug|Any CPU
		Release|Any CPU = Release|Any CPU
	EndGlobalSection
	GlobalSection(ProjectConfigurationPlatforms) = postSolution
		{46D9BB9D-9A5F-4B6A-B1D0-26A06176D375}.Debug|Any CPU.ActiveCfg = Debug|Any CPU
		{46D9BB9D-9A5F-4B6A-B1D0-26A06176D375}.Debug|Any CPU.Build.0 = Debug|Any CPU
		{46D9BB9D-9A5F-4B6A-B1D0-26A06176D375}.Release|Any CPU.ActiveCfg = Release|Any CPU
		{46D9BB9D-9A5F-4B6A-B1D0-26A06176D375}.Release|Any CPU.Build.0 = Release|Any CPU
		{4C39FED2-C136-4525-8A92-EF248728A70B}.Debug|Any CPU.ActiveCfg = Debug|Any CPU
		{4C39FED2-C136-4525-8A92-EF248728A70B}.Debug|Any CPU.Build.0 = Debug|Any CPU
		{4C39FED2-C136-4525-8A92-EF248728A70B}.Release|Any CPU.ActiveCfg = Release|Any CPU
		{4C39FED2-C136-4525-8A92-EF248728A70B}.Release|Any CPU.Build.0 = Release|Any CPU
	EndGlobalSection
	GlobalSection(SolutionProperties) = preSolution
		HideSolutionNode = FALSE
	EndGlobalSection
	GlobalSection(ExtensibilityGlobals) = postSolution
		SolutionGuid = {670BB3CC-2933-409C-A8AE-7DC353193BA7}
	EndGlobalSection
EndGlobal
